
Microsoft Visual Studio Solution File, Format Version 12.00
Project("{FAE04EC0-301F-11D3-BF4B-00C04F79EFBC}") = "Renderer", "Renderer\Renderer.csproj", "{4A34DD79-ECEA-4D22-B7AE-93E1A899F788}"
EndProject
Global
	GlobalSection(SolutionConfigurationPlatforms) = preSolution
		Debug|Any CPU = Debug|Any CPU
		Release|Any CPU = Release|Any CPU
	EndGlobalSection
	GlobalSection(ProjectConfigurationPlatforms) = postSolution
		{4A34DD79-ECEA-4D22-B7AE-93E1A899F788}.Debug|Any CPU.ActiveCfg = Debug|Any CPU
		{4A34DD79-ECEA-4D22-B7AE-93E1A899F788}.Debug|Any CPU.Build.0 = Debug|Any CPU
		{4A34DD79-ECEA-4D22-B7AE-93E1A899F788}.Release|Any CPU.ActiveCfg = Release|Any CPU
		{4A34DD79-ECEA-4D22-B7AE-93E1A899F788}.Release|Any CPU.Build.0 = Release|Any CPU
	EndGlobalSection
EndGlobal
